
Microsoft Visual Studio Solution File, Format Version 12.00
# Visual Studio 2013
VisualStudioVersion = 12.0.30501.0
MinimumVisualStudioVersion = 10.0.40219.1
Project("{FAE04EC0-301F-11D3-BF4B-00C04F79EFBC}") = "Point3D", "_1_Point3D\Point3D.csproj", "{1C7BD556-141E-4999-BCEE-52E61122E7B6}"
EndProject
Project("{FAE04EC0-301F-11D3-BF4B-00C04F79EFBC}") = "Geometry", "Geometry\Geometry.csproj", "{CA8D05D5-9CC9-4B88-9C2C-10073E1E7774}"
EndProject
Global
	GlobalSection(SolutionConfigurationPlatforms) = preSolution
		Debug|Any CPU = Debug|Any CPU
		Release|Any CPU = Release|Any CPU
	EndGlobalSection
	GlobalSection(ProjectConfigurationPlatforms) = postSolution
		{1C7BD556-141E-4999-BCEE-52E61122E7B6}.Debug|Any CPU.ActiveCfg = Debug|Any CPU
		{1C7BD556-141E-4999-BCEE-52E61122E7B6}.Debug|Any CPU.Build.0 = Debug|Any CPU
		{1C7BD556-141E-4999-BCEE-52E61122E7B6}.Release|Any CPU.ActiveCfg = Release|Any CPU
		{1C7BD556-141E-4999-BCEE-52E61122E7B6}.Release|Any CPU.Build.0 = Release|Any CPU
		{CA8D05D5-9CC9-4B88-9C2C-10073E1E7774}.Debug|Any CPU.ActiveCfg = Debug|Any CPU
		{CA8D05D5-9CC9-4B88-9C2C-10073E1E7774}.Debug|Any CPU.Build.0 = Debug|Any CPU
		{CA8D05D5-9CC9-4B88-9C2C-10073E1E7774}.Release|Any CPU.ActiveCfg = Release|Any CPU
		{CA8D05D5-9CC9-4B88-9C2C-10073E1E7774}.Release|Any CPU.Build.0 = Release|Any CPU
	EndGlobalSection
	GlobalSection(SolutionProperties) = preSolution
		HideSolutionNode = FALSE
	EndGlobalSection
EndGlobal
