
Microsoft Visual Studio Solution File, Format Version 12.00
# Visual Studio 2013
VisualStudioVersion = 12.0.30501.0
MinimumVisualStudioVersion = 10.0.40219.1
Project("{FAE04EC0-301F-11D3-BF4B-00C04F79EFBC}") = "PC_Catalogue", "PC-Catalog\PC_Catalogue.csproj", "{5EB6A4A1-FAC1-4A8F-AAB9-3B36709C4B5C}"
EndProject
Project("{FAE04EC0-301F-11D3-BF4B-00C04F79EFBC}") = "Persons", "Persons\Persons.csproj", "{D7D2ABFD-4F85-47AB-ADDD-4369E5332188}"
EndProject
Project("{FAE04EC0-301F-11D3-BF4B-00C04F79EFBC}") = "LaptopShop", "LaptopShop\LaptopShop.csproj", "{ACA21EA8-25E1-427E-BAF5-533D947AA8C0}"
EndProject
Global
	GlobalSection(SolutionConfigurationPlatforms) = preSolution
		Debug|Any CPU = Debug|Any CPU
		Release|Any CPU = Release|Any CPU
	EndGlobalSection
	GlobalSection(ProjectConfigurationPlatforms) = postSolution
		{5EB6A4A1-FAC1-4A8F-AAB9-3B36709C4B5C}.Debug|Any CPU.ActiveCfg = Debug|Any CPU
		{5EB6A4A1-FAC1-4A8F-AAB9-3B36709C4B5C}.Debug|Any CPU.Build.0 = Debug|Any CPU
		{5EB6A4A1-FAC1-4A8F-AAB9-3B36709C4B5C}.Release|Any CPU.ActiveCfg = Release|Any CPU
		{5EB6A4A1-FAC1-4A8F-AAB9-3B36709C4B5C}.Release|Any CPU.Build.0 = Release|Any CPU
		{D7D2ABFD-4F85-47AB-ADDD-4369E5332188}.Debug|Any CPU.ActiveCfg = Debug|Any CPU
		{D7D2ABFD-4F85-47AB-ADDD-4369E5332188}.Debug|Any CPU.Build.0 = Debug|Any CPU
		{D7D2ABFD-4F85-47AB-ADDD-4369E5332188}.Release|Any CPU.ActiveCfg = Release|Any CPU
		{D7D2ABFD-4F85-47AB-ADDD-4369E5332188}.Release|Any CPU.Build.0 = Release|Any CPU
		{ACA21EA8-25E1-427E-BAF5-533D947AA8C0}.Debug|Any CPU.ActiveCfg = Debug|Any CPU
		{ACA21EA8-25E1-427E-BAF5-533D947AA8C0}.Debug|Any CPU.Build.0 = Debug|Any CPU
		{ACA21EA8-25E1-427E-BAF5-533D947AA8C0}.Release|Any CPU.ActiveCfg = Release|Any CPU
		{ACA21EA8-25E1-427E-BAF5-533D947AA8C0}.Release|Any CPU.Build.0 = Release|Any CPU
	EndGlobalSection
	GlobalSection(SolutionProperties) = preSolution
		HideSolutionNode = FALSE
	EndGlobalSection
EndGlobal
